// !$*UTF8*$!
{
	archiveVersion = 1;
	classes = {
	};
	objectVersion = 46;
	objects = {

/* Begin PBXBuildFile section */
		1B0682D91C333F3800DF9CE8 /* AppDelegate.swift in Sources */ = {isa = PBXBuildFile; fileRef = 1B0682D81C333F3800DF9CE8 /* AppDelegate.swift */; };
		1B0682DE1C333F3800DF9CE8 /* Main.storyboard in Resources */ = {isa = PBXBuildFile; fileRef = 1B0682DC1C333F3800DF9CE8 /* Main.storyboard */; };
		1B0682E01C333F3800DF9CE8 /* Assets.xcassets in Resources */ = {isa = PBXBuildFile; fileRef = 1B0682DF1C333F3800DF9CE8 /* Assets.xcassets */; };
		1B0682E31C333F3800DF9CE8 /* LaunchScreen.storyboard in Resources */ = {isa = PBXBuildFile; fileRef = 1B0682E11C333F3800DF9CE8 /* LaunchScreen.storyboard */; };
		1B2CD4C21C37179500C7DC0C /* LoginService.swift in Sources */ = {isa = PBXBuildFile; fileRef = 1B2CD4C11C37179500C7DC0C /* LoginService.swift */; };
		1BFD879F1C3340A400DE3DEE /* LoginViewController.swift in Sources */ = {isa = PBXBuildFile; fileRef = 1BFD879E1C3340A400DE3DEE /* LoginViewController.swift */; };
		1BFD87A11C33418C00DE3DEE /* LoginFormTableViewController.swift in Sources */ = {isa = PBXBuildFile; fileRef = 1BFD87A01C33418C00DE3DEE /* LoginFormTableViewController.swift */; };
		1BFD87A41C3348AA00DE3DEE /* MessageUtil.swift in Sources */ = {isa = PBXBuildFile; fileRef = 1BFD87A31C3348AA00DE3DEE /* MessageUtil.swift */; };
		1BFD87A71C33506A00DE3DEE /* User.swift in Sources */ = {isa = PBXBuildFile; fileRef = 1BFD87A61C33506A00DE3DEE /* User.swift */; };
		F63B4DC83DB9FD900128472F /* Pods_LoginIOS.framework in Frameworks */ = {isa = PBXBuildFile; fileRef = B1A193D7C9687D734F51C1AF /* Pods_LoginIOS.framework */; };
/* End PBXBuildFile section */

/* Begin PBXFileReference section */
		1B0682D51C333F3800DF9CE8 /* LoginIOS.app */ = {isa = PBXFileReference; explicitFileType = wrapper.application; includeInIndex = 0; path = LoginIOS.app; sourceTree = BUILT_PRODUCTS_DIR; };
		1B0682D81C333F3800DF9CE8 /* AppDelegate.swift */ = {isa = PBXFileReference; lastKnownFileType = sourcecode.swift; path = AppDelegate.swift; sourceTree = "<group>"; };
		1B0682DD1C333F3800DF9CE8 /* Base */ = {isa = PBXFileReference; lastKnownFileType = file.storyboard; name = Base; path = Base.lproj/Main.storyboard; sourceTree = "<group>"; };
		1B0682DF1C333F3800DF9CE8 /* Assets.xcassets */ = {isa = PBXFileReference; lastKnownFileType = folder.assetcatalog; path = Assets.xcassets; sourceTree = "<group>"; };
		1B0682E21C333F3800DF9CE8 /* Base */ = {isa = PBXFileReference; lastKnownFileType = file.storyboard; name = Base; path = Base.lproj/LaunchScreen.storyboard; sourceTree = "<group>"; };
		1B0682E41C333F3800DF9CE8 /* Info.plist */ = {isa = PBXFileReference; lastKnownFileType = text.plist.xml; path = Info.plist; sourceTree = "<group>"; };
		1B2CD4C11C37179500C7DC0C /* LoginService.swift */ = {isa = PBXFileReference; fileEncoding = 4; lastKnownFileType = sourcecode.swift; path = LoginService.swift; sourceTree = "<group>"; };
		1BFD879E1C3340A400DE3DEE /* LoginViewController.swift */ = {isa = PBXFileReference; fileEncoding = 4; lastKnownFileType = sourcecode.swift; path = LoginViewController.swift; sourceTree = "<group>"; };
		1BFD87A01C33418C00DE3DEE /* LoginFormTableViewController.swift */ = {isa = PBXFileReference; fileEncoding = 4; lastKnownFileType = sourcecode.swift; path = LoginFormTableViewController.swift; sourceTree = "<group>"; };
		1BFD87A31C3348AA00DE3DEE /* MessageUtil.swift */ = {isa = PBXFileReference; fileEncoding = 4; lastKnownFileType = sourcecode.swift; path = MessageUtil.swift; sourceTree = "<group>"; };
		1BFD87A61C33506A00DE3DEE /* User.swift */ = {isa = PBXFileReference; fileEncoding = 4; lastKnownFileType = sourcecode.swift; path = User.swift; sourceTree = "<group>"; };
		B1A193D7C9687D734F51C1AF /* Pods_LoginIOS.framework */ = {isa = PBXFileReference; explicitFileType = wrapper.framework; includeInIndex = 0; path = Pods_LoginIOS.framework; sourceTree = BUILT_PRODUCTS_DIR; };
		D5710D92604B92691B603742 /* Pods-LoginIOS.release.xcconfig */ = {isa = PBXFileReference; includeInIndex = 1; lastKnownFileType = text.xcconfig; name = "Pods-LoginIOS.release.xcconfig"; path = "Pods/Target Support Files/Pods-LoginIOS/Pods-LoginIOS.release.xcconfig"; sourceTree = "<group>"; };
		E95F778DB946319593AD351E /* Pods-LoginIOS.debug.xcconfig */ = {isa = PBXFileReference; includeInIndex = 1; lastKnownFileType = text.xcconfig; name = "Pods-LoginIOS.debug.xcconfig"; path = "Pods/Target Support Files/Pods-LoginIOS/Pods-LoginIOS.debug.xcconfig"; sourceTree = "<group>"; };
/* End PBXFileReference section */

/* Begin PBXFrameworksBuildPhase section */
		1B0682D21C333F3800DF9CE8 /* Frameworks */ = {
			isa = PBXFrameworksBuildPhase;
			buildActionMask = 2147483647;
			files = (
				F63B4DC83DB9FD900128472F /* Pods_LoginIOS.framework in Frameworks */,
			);
			runOnlyForDeploymentPostprocessing = 0;
		};
/* End PBXFrameworksBuildPhase section */

/* Begin PBXGroup section */
		1B0682CC1C333F3800DF9CE8 = {
			isa = PBXGroup;
			children = (
				1B0682D71C333F3800DF9CE8 /* LoginIOS */,
				1B0682D61C333F3800DF9CE8 /* Products */,
				4F94C3AC8C721BC031E2CCDE /* Pods */,
				A9D47445F1DA023E36256E83 /* Frameworks */,
			);
			sourceTree = "<group>";
		};
		1B0682D61C333F3800DF9CE8 /* Products */ = {
			isa = PBXGroup;
			children = (
				1B0682D51C333F3800DF9CE8 /* LoginIOS.app */,
			);
			name = Products;
			sourceTree = "<group>";
		};
		1B0682D71C333F3800DF9CE8 /* LoginIOS */ = {
			isa = PBXGroup;
			children = (
				1BFD87A51C33505900DE3DEE /* Models */,
				1BFD87A21C33488D00DE3DEE /* Utils */,
				1BFD879D1C33407100DE3DEE /* Login */,
				1B0682D81C333F3800DF9CE8 /* AppDelegate.swift */,
				1B0682DC1C333F3800DF9CE8 /* Main.storyboard */,
				1B0682DF1C333F3800DF9CE8 /* Assets.xcassets */,
				1B0682E11C333F3800DF9CE8 /* LaunchScreen.storyboard */,
				1B0682E41C333F3800DF9CE8 /* Info.plist */,
			);
			path = LoginIOS;
			sourceTree = "<group>";
		};
		1BFD879D1C33407100DE3DEE /* Login */ = {
			isa = PBXGroup;
			children = (
				1BFD879E1C3340A400DE3DEE /* LoginViewController.swift */,
				1BFD87A01C33418C00DE3DEE /* LoginFormTableViewController.swift */,
				1B2CD4C11C37179500C7DC0C /* LoginService.swift */,
			);
			name = Login;
			sourceTree = "<group>";
		};
		1BFD87A21C33488D00DE3DEE /* Utils */ = {
			isa = PBXGroup;
			children = (
				1BFD87A31C3348AA00DE3DEE /* MessageUtil.swift */,
			);
			name = Utils;
			sourceTree = "<group>";
		};
		1BFD87A51C33505900DE3DEE /* Models */ = {
			isa = PBXGroup;
			children = (
				1BFD87A61C33506A00DE3DEE /* User.swift */,
			);
			name = Models;
			sourceTree = "<group>";
		};
		4F94C3AC8C721BC031E2CCDE /* Pods */ = {
			isa = PBXGroup;
			children = (
				E95F778DB946319593AD351E /* Pods-LoginIOS.debug.xcconfig */,
				D5710D92604B92691B603742 /* Pods-LoginIOS.release.xcconfig */,
			);
			name = Pods;
			sourceTree = "<group>";
		};
		A9D47445F1DA023E36256E83 /* Frameworks */ = {
			isa = PBXGroup;
			children = (
				B1A193D7C9687D734F51C1AF /* Pods_LoginIOS.framework */,
			);
			name = Frameworks;
			sourceTree = "<group>";
		};
/* End PBXGroup section */

/* Begin PBXNativeTarget section */
		1B0682D41C333F3800DF9CE8 /* LoginIOS */ = {
			isa = PBXNativeTarget;
			buildConfigurationList = 1B0682E71C333F3800DF9CE8 /* Build configuration list for PBXNativeTarget "LoginIOS" */;
			buildPhases = (
				FB0E273FABC1C4877D4FD42D /* Check Pods Manifest.lock */,
				1B0682D11C333F3800DF9CE8 /* Sources */,
				1B0682D21C333F3800DF9CE8 /* Frameworks */,
				1B0682D31C333F3800DF9CE8 /* Resources */,
				E526EA8826FD6E8A90EDD8D3 /* Embed Pods Frameworks */,
				77D253E58237725D9A7CAD4D /* Copy Pods Resources */,
			);
			buildRules = (
			);
			dependencies = (
			);
			name = LoginIOS;
			productName = LoginIOS;
			productReference = 1B0682D51C333F3800DF9CE8 /* LoginIOS.app */;
			productType = "com.apple.product-type.application";
		};
/* End PBXNativeTarget section */

/* Begin PBXProject section */
		1B0682CD1C333F3800DF9CE8 /* Project object */ = {
			isa = PBXProject;
			attributes = {
				LastSwiftUpdateCheck = 0720;
				LastUpgradeCheck = 0720;
				ORGANIZATIONNAME = "Jair Rillo Junior";
				TargetAttributes = {
					1B0682D41C333F3800DF9CE8 = {
						CreatedOnToolsVersion = 7.2;
					};
				};
			};
			buildConfigurationList = 1B0682D01C333F3800DF9CE8 /* Build configuration list for PBXProject "LoginIOS" */;
			compatibilityVersion = "Xcode 3.2";
			developmentRegion = English;
			hasScannedForEncodings = 0;
			knownRegions = (
				en,
				Base,
			);
			mainGroup = 1B0682CC1C333F3800DF9CE8;
			productRefGroup = 1B0682D61C333F3800DF9CE8 /* Products */;
			projectDirPath = "";
			projectRoot = "";
			targets = (
				1B0682D41C333F3800DF9CE8 /* LoginIOS */,
			);
		};
/* End PBXProject section */

/* Begin PBXResourcesBuildPhase section */
		1B0682D31C333F3800DF9CE8 /* Resources */ = {
			isa = PBXResourcesBuildPhase;
			buildActionMask = 2147483647;
			files = (
				1B0682E31C333F3800DF9CE8 /* LaunchScreen.storyboard in Resources */,
				1B0682E01C333F3800DF9CE8 /* Assets.xcassets in Resources */,
				1B0682DE1C333F3800DF9CE8 /* Main.storyboard in Resources */,
			);
			runOnlyForDeploymentPostprocessing = 0;
		};
/* End PBXResourcesBuildPhase section */

/* Begin PBXShellScriptBuildPhase section */
		77D253E58237725D9A7CAD4D /* Copy Pods Resources */ = {
			isa = PBXShellScriptBuildPhase;
			buildActionMask = 2147483647;
			files = (
			);
			inputPaths = (
			);
			name = "Copy Pods Resources";
			outputPaths = (
			);
			runOnlyForDeploymentPostprocessing = 0;
			shellPath = /bin/sh;
			shellScript = "\"${SRCROOT}/Pods/Target Support Files/Pods-LoginIOS/Pods-LoginIOS-resources.sh\"\n";
			showEnvVarsInLog = 0;
		};
		E526EA8826FD6E8A90EDD8D3 /* Embed Pods Frameworks */ = {
			isa = PBXShellScriptBuildPhase;
			buildActionMask = 2147483647;
			files = (
			);
			inputPaths = (
			);
			name = "Embed Pods Frameworks";
			outputPaths = (
			);
			runOnlyForDeploymentPostprocessing = 0;
			shellPath = /bin/sh;
			shellScript = "\"${SRCROOT}/Pods/Target Support Files/Pods-LoginIOS/Pods-LoginIOS-frameworks.sh\"\n";
			showEnvVarsInLog = 0;
		};
		FB0E273FABC1C4877D4FD42D /* Check Pods Manifest.lock */ = {
			isa = PBXShellScriptBuildPhase;
			buildActionMask = 2147483647;
			files = (
			);
			inputPaths = (
			);
			name = "Check Pods Manifest.lock";
			outputPaths = (
			);
			runOnlyForDeploymentPostprocessing = 0;
			shellPath = /bin/sh;
			shellScript = "diff \"${PODS_ROOT}/../Podfile.lock\" \"${PODS_ROOT}/Manifest.lock\" > /dev/null\nif [[ $? != 0 ]] ; then\n    cat << EOM\nerror: The sandbox is not in sync with the Podfile.lock. Run 'pod install' or update your CocoaPods installation.\nEOM\n    exit 1\nfi\n";
			showEnvVarsInLog = 0;
		};
/* End PBXShellScriptBuildPhase section */

/* Begin PBXSourcesBuildPhase section */
		1B0682D11C333F3800DF9CE8 /* Sources */ = {
			isa = PBXSourcesBuildPhase;
			buildActionMask = 2147483647;
			files = (
				1BFD879F1C3340A400DE3DEE /* LoginViewController.swift in Sources */,
				1B2CD4C21C37179500C7DC0C /* LoginService.swift in Sources */,
				1B0682D91C333F3800DF9CE8 /* AppDelegate.swift in Sources */,
				1BFD87A11C33418C00DE3DEE /* LoginFormTableViewController.swift in Sources */,
				1BFD87A71C33506A00DE3DEE /* User.swift in Sources */,
				1BFD87A41C3348AA00DE3DEE /* MessageUtil.swift in Sources */,
			);
			runOnlyForDeploymentPostprocessing = 0;
		};
/* End PBXSourcesBuildPhase section */

/* Begin PBXVariantGroup section */
		1B0682DC1C333F3800DF9CE8 /* Main.storyboard */ = {
			isa = PBXVariantGroup;
			children = (
				1B0682DD1C333F3800DF9CE8 /* Base */,
			);
			name = Main.storyboard;
			sourceTree = "<group>";
		};
		1B0682E11C333F3800DF9CE8 /* LaunchScreen.storyboard */ = {
			isa = PBXVariantGroup;
			children = (
				1B0682E21C333F3800DF9CE8 /* Base */,
			);
			name = LaunchScreen.storyboard;
			sourceTree = "<group>";
		};
/* End PBXVariantGroup section */

/* Begin XCBuildConfiguration section */
		1B0682E51C333F3800DF9CE8 /* Debug */ = {
			isa = XCBuildConfiguration;
			buildSettings = {
				ALWAYS_SEARCH_USER_PATHS = NO;
				CLANG_CXX_LANGUAGE_STANDARD = "gnu++0x";
				CLANG_CXX_LIBRARY = "libc++";
				CLANG_ENABLE_MODULES = YES;
				CLANG_ENABLE_OBJC_ARC = YES;
				CLANG_WARN_BOOL_CONVERSION = YES;
				CLANG_WARN_CONSTANT_CONVERSION = YES;
				CLANG_WARN_DIRECT_OBJC_ISA_USAGE = YES_ERROR;
				CLANG_WARN_EMPTY_BODY = YES;
				CLANG_WARN_ENUM_CONVERSION = YES;
				CLANG_WARN_INT_CONVERSION = YES;
				CLANG_WARN_OBJC_ROOT_CLASS = YES_ERROR;
				CLANG_WARN_UNREACHABLE_CODE = YES;
				CLANG_WARN__DUPLICATE_METHOD_MATCH = YES;
				"CODE_SIGN_IDENTITY[sdk=iphoneos*]" = "iPhone Developer";
				COPY_PHASE_STRIP = NO;
				DEBUG_INFORMATION_FORMAT = dwarf;
				ENABLE_STRICT_OBJC_MSGSEND = YES;
				ENABLE_TESTABILITY = YES;
				GCC_C_LANGUAGE_STANDARD = gnu99;
				GCC_DYNAMIC_NO_PIC = NO;
				GCC_NO_COMMON_BLOCKS = YES;
				GCC_OPTIMIZATION_LEVEL = 0;
				GCC_PREPROCESSOR_DEFINITIONS = (
					"DEBUG=1",
					"$(inherited)",
				);
				GCC_WARN_64_TO_32_BIT_CONVERSION = YES;
				GCC_WARN_ABOUT_RETURN_TYPE = YES_ERROR;
				GCC_WARN_UNDECLARED_SELECTOR = YES;
				GCC_WARN_UNINITIALIZED_AUTOS = YES_AGGRESSIVE;
				GCC_WARN_UNUSED_FUNCTION = YES;
				GCC_WARN_UNUSED_VARIABLE = YES;
				IPHONEOS_DEPLOYMENT_TARGET = 9.2;
				MTL_ENABLE_DEBUG_INFO = YES;
				ONLY_ACTIVE_ARCH = YES;
				SDKROOT = iphoneos;
				SWIFT_OPTIMIZATION_LEVEL = "-Onone";
			};
			name = Debug;
		};
		1B0682E61C333F3800DF9CE8 /* Release */ = {
			isa = XCBuildConfiguration;
			buildSettings = {
				ALWAYS_SEARCH_USER_PATHS = NO;
				CLANG_CXX_LANGUAGE_STANDARD = "gnu++0x";
				CLANG_CXX_LIBRARY = "libc++";
				CLANG_ENABLE_MODULES = YES;
				CLANG_ENABLE_OBJC_ARC = YES;
				CLANG_WARN_BOOL_CONVERSION = YES;
				CLANG_WARN_CONSTANT_CONVERSION = YES;
				CLANG_WARN_DIRECT_OBJC_ISA_USAGE = YES_ERROR;
				CLANG_WARN_EMPTY_BODY = YES;
				CLANG_WARN_ENUM_CONVERSION = YES;
				CLANG_WARN_INT_CONVERSION = YES;
				CLANG_WARN_OBJC_ROOT_CLASS = YES_ERROR;
				CLANG_WARN_UNREACHABLE_CODE = YES;
				CLANG_WARN__DUPLICATE_METHOD_MATCH = YES;
				"CODE_SIGN_IDENTITY[sdk=iphoneos*]" = "iPhone Developer";
				COPY_PHASE_STRIP = NO;
				DEBUG_INFORMATION_FORMAT = "dwarf-with-dsym";
				ENABLE_NS_ASSERTIONS = NO;
				ENABLE_STRICT_OBJC_MSGSEND = YES;
				GCC_C_LANGUAGE_STANDARD = gnu99;
				GCC_NO_COMMON_BLOCKS = YES;
				GCC_WARN_64_TO_32_BIT_CONVERSION = YES;
				GCC_WARN_ABOUT_RETURN_TYPE = YES_ERROR;
				GCC_WARN_UNDECLARED_SELECTOR = YES;
				GCC_WARN_UNINITIALIZED_AUTOS = YES_AGGRESSIVE;
				GCC_WARN_UNUSED_FUNCTION = YES;
				GCC_WARN_UNUSED_VARIABLE = YES;
				IPHONEOS_DEPLOYMENT_TARGET = 9.2;
				MTL_ENABLE_DEBUG_INFO = NO;
				SDKROOT = iphoneos;
				VALIDATE_PRODUCT = YES;
			};
			name = Release;
		};
		1B0682E81C333F3800DF9CE8 /* Debug */ = {
			isa = XCBuildConfiguration;
			baseConfigurationReference = E95F778DB946319593AD351E /* Pods-LoginIOS.debug.xcconfig */;
			buildSettings = {
				ASSETCATALOG_COMPILER_APPICON_NAME = AppIcon;
				INFOPLIST_FILE = LoginIOS/Info.plist;
				IPHONEOS_DEPLOYMENT_TARGET = 8.1;
				LD_RUNPATH_SEARCH_PATHS = "$(inherited) @executable_path/Frameworks";
				PRODUCT_BUNDLE_IDENTIFIER = com.jairrillo.LoginIOS;
				PRODUCT_NAME = "$(TARGET_NAME)";
			};
			name = Debug;
		};
		1B0682E91C333F3800DF9CE8 /* Release */ = {
			isa = XCBuildConfiguration;
			baseConfigurationReference = D5710D92604B92691B603742 /* Pods-LoginIOS.release.xcconfig */;
			buildSettings = {
				ASSETCATALOG_COMPILER_APPICON_NAME = AppIcon;
				INFOPLIST_FILE = LoginIOS/Info.plist;
				IPHONEOS_DEPLOYMENT_TARGET = 8.1;
				LD_RUNPATH_SEARCH_PATHS = "$(inherited) @executable_path/Frameworks";
				PRODUCT_BUNDLE_IDENTIFIER = com.jairrillo.LoginIOS;
				PRODUCT_NAME = "$(TARGET_NAME)";
			};
			name = Release;
		};
/* End XCBuildConfiguration section */

/* Begin XCConfigurationList section */
		1B0682D01C333F3800DF9CE8 /* Build configuration list for PBXProject "LoginIOS" */ = {
			isa = XCConfigurationList;
			buildConfigurations = (
				1B0682E51C333F3800DF9CE8 /* Debug */,
				1B0682E61C333F3800DF9CE8 /* Release */,
			);
			defaultConfigurationIsVisible = 0;
			defaultConfigurationName = Release;
		};
		1B0682E71C333F3800DF9CE8 /* Build configuration list for PBXNativeTarget "LoginIOS" */ = {
			isa = XCConfigurationList;
			buildConfigurations = (
				1B0682E81C333F3800DF9CE8 /* Debug */,
				1B0682E91C333F3800DF9CE8 /* Release */,
			);
			defaultConfigurationIsVisible = 0;
			defaultConfigurationName = Release;
		};
/* End XCConfigurationList section */
	};
	rootObject = 1B0682CD1C333F3800DF9CE8 /* Project object */;
}
